
Microsoft Visual Studio Solution File, Format Version 12.00
# Visual Studio Version 17
VisualStudioVersion = 17.1.32407.343
MinimumVisualStudioVersion = 10.0.40219.1
Project("{FAE04EC0-301F-11D3-BF4B-00C04F79EFBC}") = "LoginUsuario", "LoginUsuario\LoginUsuario.csproj", "{BADD9684-3B50-4295-93A3-770B2978B91F}"
EndProject
Project("{FAE04EC0-301F-11D3-BF4B-00C04F79EFBC}") = "Triangulo", "Triangulo\Triangulo.csproj", "{583E275C-2468-4897-8388-A3388A040263}"
EndProject
Project("{FAE04EC0-301F-11D3-BF4B-00C04F79EFBC}") = "CalculaIMC", "CalculaIMC\CalculaIMC.csproj", "{6E22BC9F-D9E3-4CD8-A715-60D1BCB63DA7}"
EndProject
Global
	GlobalSection(SolutionConfigurationPlatforms) = preSolution
		Debug|Any CPU = Debug|Any CPU
		Release|Any CPU = Release|Any CPU
	EndGlobalSection
	GlobalSection(ProjectConfigurationPlatforms) = postSolution
		{BADD9684-3B50-4295-93A3-770B2978B91F}.Debug|Any CPU.ActiveCfg = Debug|Any CPU
		{BADD9684-3B50-4295-93A3-770B2978B91F}.Debug|Any CPU.Build.0 = Debug|Any CPU
		{BADD9684-3B50-4295-93A3-770B2978B91F}.Release|Any CPU.ActiveCfg = Release|Any CPU
		{BADD9684-3B50-4295-93A3-770B2978B91F}.Release|Any CPU.Build.0 = Release|Any CPU
		{583E275C-2468-4897-8388-A3388A040263}.Debug|Any CPU.ActiveCfg = Debug|Any CPU
		{583E275C-2468-4897-8388-A3388A040263}.Debug|Any CPU.Build.0 = Debug|Any CPU
		{583E275C-2468-4897-8388-A3388A040263}.Release|Any CPU.ActiveCfg = Release|Any CPU
		{583E275C-2468-4897-8388-A3388A040263}.Release|Any CPU.Build.0 = Release|Any CPU
		{6E22BC9F-D9E3-4CD8-A715-60D1BCB63DA7}.Debug|Any CPU.ActiveCfg = Debug|Any CPU
		{6E22BC9F-D9E3-4CD8-A715-60D1BCB63DA7}.Debug|Any CPU.Build.0 = Debug|Any CPU
		{6E22BC9F-D9E3-4CD8-A715-60D1BCB63DA7}.Release|Any CPU.ActiveCfg = Release|Any CPU
		{6E22BC9F-D9E3-4CD8-A715-60D1BCB63DA7}.Release|Any CPU.Build.0 = Release|Any CPU
	EndGlobalSection
	GlobalSection(SolutionProperties) = preSolution
		HideSolutionNode = FALSE
	EndGlobalSection
	GlobalSection(ExtensibilityGlobals) = postSolution
		SolutionGuid = {5FD8A53B-5E3F-46E0-9DD5-6FEAECADFA63}
	EndGlobalSection
EndGlobal
